
Microsoft Visual Studio Solution File, Format Version 12.00
# Visual Studio Version 17
VisualStudioVersion = 17.14.36429.23
MinimumVisualStudioVersion = 10.0.40219.1
Project("{FAE04EC0-301F-11D3-BF4B-00C04F79EFBC}") = "JN_ProyectoWeb", "JN_ProyectoWeb\JN_ProyectoWeb.csproj", "{B8C25FF5-59FB-40D0-90AE-822F3E35F641}"
EndProject
Project("{FAE04EC0-301F-11D3-BF4B-00C04F79EFBC}") = "JN_ProyectoAPI", "JN_ProyectoAPI\JN_ProyectoAPI.csproj", "{9E5673FC-2C2C-4E21-B104-D43E99D0E107}"
EndProject
Global
	GlobalSection(SolutionConfigurationPlatforms) = preSolution
		Debug|Any CPU = Debug|Any CPU
		Release|Any CPU = Release|Any CPU
	EndGlobalSection
	GlobalSection(ProjectConfigurationPlatforms) = postSolution
		{B8C25FF5-59FB-40D0-90AE-822F3E35F641}.Debug|Any CPU.ActiveCfg = Debug|Any CPU
		{B8C25FF5-59FB-40D0-90AE-822F3E35F641}.Debug|Any CPU.Build.0 = Debug|Any CPU
		{B8C25FF5-59FB-40D0-90AE-822F3E35F641}.Release|Any CPU.ActiveCfg = Release|Any CPU
		{B8C25FF5-59FB-40D0-90AE-822F3E35F641}.Release|Any CPU.Build.0 = Release|Any CPU
		{9E5673FC-2C2C-4E21-B104-D43E99D0E107}.Debug|Any CPU.ActiveCfg = Debug|Any CPU
		{9E5673FC-2C2C-4E21-B104-D43E99D0E107}.Debug|Any CPU.Build.0 = Debug|Any CPU
		{9E5673FC-2C2C-4E21-B104-D43E99D0E107}.Release|Any CPU.ActiveCfg = Release|Any CPU
		{9E5673FC-2C2C-4E21-B104-D43E99D0E107}.Release|Any CPU.Build.0 = Release|Any CPU
	EndGlobalSection
	GlobalSection(SolutionProperties) = preSolution
		HideSolutionNode = FALSE
	EndGlobalSection
	GlobalSection(ExtensibilityGlobals) = postSolution
		SolutionGuid = {6166F7C7-5442-4AB1-AD82-80C00208153C}
	EndGlobalSection
EndGlobal
